<?xml version="1.0" encoding="utf-8"?>
<Project ToolsVersion="4.0" xmlns="http://schemas.microsoft.com/developer/msbuild/2003">
  <ItemGroup>
    <ClInclude Include="pch.h" />
    <ClInclude Include="HeaderScanner.h" />
    <ClInclude Include="HeaderScannerHelper.h" />
    <ClInclude Include="mon47.core.h" />
    <ClInclude Include="HelperFunc.h" />
    <ClInclude Include="Constants.h" />
    <ClInclude Include="Struct.h" />
    <ClInclude Include="Define.h" />
    <ClInclude Include="Scanner.h" />
  </ItemGroup>
  <ItemGroup>
    <ClCompile Include="pch.cpp" />
    <ClCompile Include="HeaderScanner.cpp" />
    <ClCompile Include="HeaderScannerHelper.cpp" />
    <ClCompile Include="HelperFunc.cpp" />
    <ClCompile Include="Constants.cpp" />
    <ClCompile Include="Scanner.cpp" />
  </ItemGroup>
</Project>